// !$*UTF8*$!
{
	archiveVersion = 1;
	classes = {
	};
	objectVersion = 50;
	objects = {

/* Begin PBXBuildFile section */
		A9E2E70F212AC4D8004E3817 /* AppDelegate.swift in Sources */ = {isa = PBXBuildFile; fileRef = A9E2E70E212AC4D8004E3817 /* AppDelegate.swift */; };
		A9E2E711212AC4D8004E3817 /* ViewController.swift in Sources */ = {isa = PBXBuildFile; fileRef = A9E2E710212AC4D8004E3817 /* ViewController.swift */; };
		A9E2E714212AC4D8004E3817 /* Main.storyboard in Resources */ = {isa = PBXBuildFile; fileRef = A9E2E712212AC4D8004E3817 /* Main.storyboard */; };
		A9E2E716212AC4DA004E3817 /* Assets.xcassets in Resources */ = {isa = PBXBuildFile; fileRef = A9E2E715212AC4DA004E3817 /* Assets.xcassets */; };
		A9E2E719212AC4DA004E3817 /* LaunchScreen.storyboard in Resources */ = {isa = PBXBuildFile; fileRef = A9E2E717212AC4DA004E3817 /* LaunchScreen.storyboard */; };
		A9E2E743212AC575004E3817 /* RButtonExtension.swift in Sources */ = {isa = PBXBuildFile; fileRef = A9E2E742212AC575004E3817 /* RButtonExtension.swift */; };
		A9E2E74F212AC60A004E3817 /* RViewControllerExtension.swift in Sources */ = {isa = PBXBuildFile; fileRef = A9E2E744212AC609004E3817 /* RViewControllerExtension.swift */; };
		A9E2E751212AC60A004E3817 /* UIWindowExtension.swift in Sources */ = {isa = PBXBuildFile; fileRef = A9E2E746212AC609004E3817 /* UIWindowExtension.swift */; };
		A9E2E752212AC60A004E3817 /* RGeneralExtensions.swift in Sources */ = {isa = PBXBuildFile; fileRef = A9E2E747212AC609004E3817 /* RGeneralExtensions.swift */; };
		A9E2E753212AC60A004E3817 /* RTableViewExtension.swift in Sources */ = {isa = PBXBuildFile; fileRef = A9E2E748212AC609004E3817 /* RTableViewExtension.swift */; };
		A9E2E754212AC60A004E3817 /* RImageExtenstion.swift in Sources */ = {isa = PBXBuildFile; fileRef = A9E2E749212AC609004E3817 /* RImageExtenstion.swift */; };
		A9E2E757212AC60A004E3817 /* RViewExtension.swift in Sources */ = {isa = PBXBuildFile; fileRef = A9E2E74C212AC609004E3817 /* RViewExtension.swift */; };
		A9E2E758212AC60A004E3817 /* RTextFieldExtension.swift in Sources */ = {isa = PBXBuildFile; fileRef = A9E2E74D212AC609004E3817 /* RTextFieldExtension.swift */; };
		A9E2E759212AC60A004E3817 /* RStringExtension.swift in Sources */ = {isa = PBXBuildFile; fileRef = A9E2E74E212AC60A004E3817 /* RStringExtension.swift */; };
		A9E2E75B212AC65F004E3817 /* RNavigationControllerExtension.swift in Sources */ = {isa = PBXBuildFile; fileRef = A9E2E75A212AC65F004E3817 /* RNavigationControllerExtension.swift */; };
/* End PBXBuildFile section */

/* Begin PBXFileReference section */
		A9E2E70B212AC4D8004E3817 /* RExtension.app */ = {isa = PBXFileReference; explicitFileType = wrapper.application; includeInIndex = 0; path = RExtension.app; sourceTree = BUILT_PRODUCTS_DIR; };
		A9E2E70E212AC4D8004E3817 /* AppDelegate.swift */ = {isa = PBXFileReference; lastKnownFileType = sourcecode.swift; path = AppDelegate.swift; sourceTree = "<group>"; };
		A9E2E710212AC4D8004E3817 /* ViewController.swift */ = {isa = PBXFileReference; lastKnownFileType = sourcecode.swift; path = ViewController.swift; sourceTree = "<group>"; };
		A9E2E713212AC4D8004E3817 /* Base */ = {isa = PBXFileReference; lastKnownFileType = file.storyboard; name = Base; path = Base.lproj/Main.storyboard; sourceTree = "<group>"; };
		A9E2E715212AC4DA004E3817 /* Assets.xcassets */ = {isa = PBXFileReference; lastKnownFileType = folder.assetcatalog; path = Assets.xcassets; sourceTree = "<group>"; };
		A9E2E718212AC4DA004E3817 /* Base */ = {isa = PBXFileReference; lastKnownFileType = file.storyboard; name = Base; path = Base.lproj/LaunchScreen.storyboard; sourceTree = "<group>"; };
		A9E2E71A212AC4DA004E3817 /* Info.plist */ = {isa = PBXFileReference; lastKnownFileType = text.plist.xml; path = Info.plist; sourceTree = "<group>"; };
		A9E2E742212AC575004E3817 /* RButtonExtension.swift */ = {isa = PBXFileReference; lastKnownFileType = sourcecode.swift; path = RButtonExtension.swift; sourceTree = "<group>"; };
		A9E2E744212AC609004E3817 /* RViewControllerExtension.swift */ = {isa = PBXFileReference; fileEncoding = 4; lastKnownFileType = sourcecode.swift; path = RViewControllerExtension.swift; sourceTree = "<group>"; };
		A9E2E746212AC609004E3817 /* UIWindowExtension.swift */ = {isa = PBXFileReference; fileEncoding = 4; lastKnownFileType = sourcecode.swift; path = UIWindowExtension.swift; sourceTree = "<group>"; };
		A9E2E747212AC609004E3817 /* RGeneralExtensions.swift */ = {isa = PBXFileReference; fileEncoding = 4; lastKnownFileType = sourcecode.swift; path = RGeneralExtensions.swift; sourceTree = "<group>"; };
		A9E2E748212AC609004E3817 /* RTableViewExtension.swift */ = {isa = PBXFileReference; fileEncoding = 4; lastKnownFileType = sourcecode.swift; path = RTableViewExtension.swift; sourceTree = "<group>"; };
		A9E2E749212AC609004E3817 /* RImageExtenstion.swift */ = {isa = PBXFileReference; fileEncoding = 4; lastKnownFileType = sourcecode.swift; path = RImageExtenstion.swift; sourceTree = "<group>"; };
		A9E2E74C212AC609004E3817 /* RViewExtension.swift */ = {isa = PBXFileReference; fileEncoding = 4; lastKnownFileType = sourcecode.swift; path = RViewExtension.swift; sourceTree = "<group>"; };
		A9E2E74D212AC609004E3817 /* RTextFieldExtension.swift */ = {isa = PBXFileReference; fileEncoding = 4; lastKnownFileType = sourcecode.swift; path = RTextFieldExtension.swift; sourceTree = "<group>"; };
		A9E2E74E212AC60A004E3817 /* RStringExtension.swift */ = {isa = PBXFileReference; fileEncoding = 4; lastKnownFileType = sourcecode.swift; path = RStringExtension.swift; sourceTree = "<group>"; };
		A9E2E75A212AC65F004E3817 /* RNavigationControllerExtension.swift */ = {isa = PBXFileReference; lastKnownFileType = sourcecode.swift; path = RNavigationControllerExtension.swift; sourceTree = "<group>"; };
/* End PBXFileReference section */

/* Begin PBXFrameworksBuildPhase section */
		A9E2E708212AC4D8004E3817 /* Frameworks */ = {
			isa = PBXFrameworksBuildPhase;
			buildActionMask = 2147483647;
			files = (
			);
			runOnlyForDeploymentPostprocessing = 0;
		};
/* End PBXFrameworksBuildPhase section */

/* Begin PBXGroup section */
		A9E2E702212AC4D8004E3817 = {
			isa = PBXGroup;
			children = (
				A9E2E70D212AC4D8004E3817 /* RExtension */,
				A9E2E70C212AC4D8004E3817 /* Products */,
			);
			sourceTree = "<group>";
		};
		A9E2E70C212AC4D8004E3817 /* Products */ = {
			isa = PBXGroup;
			children = (
				A9E2E70B212AC4D8004E3817 /* RExtension.app */,
			);
			name = Products;
			sourceTree = "<group>";
		};
		A9E2E70D212AC4D8004E3817 /* RExtension */ = {
			isa = PBXGroup;
			children = (
				A9E2E720212AC50B004E3817 /* Extensions */,
				A9E2E70E212AC4D8004E3817 /* AppDelegate.swift */,
				A9E2E710212AC4D8004E3817 /* ViewController.swift */,
				A9E2E712212AC4D8004E3817 /* Main.storyboard */,
				A9E2E715212AC4DA004E3817 /* Assets.xcassets */,
				A9E2E717212AC4DA004E3817 /* LaunchScreen.storyboard */,
				A9E2E71A212AC4DA004E3817 /* Info.plist */,
			);
			path = RExtension;
			sourceTree = "<group>";
		};
		A9E2E720212AC50B004E3817 /* Extensions */ = {
			isa = PBXGroup;
			children = (
				A9E2E747212AC609004E3817 /* RGeneralExtensions.swift */,
				A9E2E749212AC609004E3817 /* RImageExtenstion.swift */,
				A9E2E74E212AC60A004E3817 /* RStringExtension.swift */,
				A9E2E748212AC609004E3817 /* RTableViewExtension.swift */,
				A9E2E74D212AC609004E3817 /* RTextFieldExtension.swift */,
				A9E2E744212AC609004E3817 /* RViewControllerExtension.swift */,
				A9E2E74C212AC609004E3817 /* RViewExtension.swift */,
				A9E2E746212AC609004E3817 /* UIWindowExtension.swift */,
				A9E2E742212AC575004E3817 /* RButtonExtension.swift */,
				A9E2E75A212AC65F004E3817 /* RNavigationControllerExtension.swift */,
			);
			path = Extensions;
			sourceTree = "<group>";
		};
/* End PBXGroup section */

/* Begin PBXNativeTarget section */
		A9E2E70A212AC4D8004E3817 /* RExtension */ = {
			isa = PBXNativeTarget;
			buildConfigurationList = A9E2E71D212AC4DA004E3817 /* Build configuration list for PBXNativeTarget "RExtension" */;
			buildPhases = (
				A9E2E707212AC4D8004E3817 /* Sources */,
				A9E2E708212AC4D8004E3817 /* Frameworks */,
				A9E2E709212AC4D8004E3817 /* Resources */,
			);
			buildRules = (
			);
			dependencies = (
			);
			name = RExtension;
			productName = RExtension;
			productReference = A9E2E70B212AC4D8004E3817 /* RExtension.app */;
			productType = "com.apple.product-type.application";
		};
/* End PBXNativeTarget section */

/* Begin PBXProject section */
		A9E2E703212AC4D8004E3817 /* Project object */ = {
			isa = PBXProject;
			attributes = {
				LastSwiftUpdateCheck = 0940;
				LastUpgradeCheck = 0940;
				ORGANIZATIONNAME = "Raj Sharma";
				TargetAttributes = {
					A9E2E70A212AC4D8004E3817 = {
						CreatedOnToolsVersion = 9.4.1;
					};
				};
			};
			buildConfigurationList = A9E2E706212AC4D8004E3817 /* Build configuration list for PBXProject "RExtension" */;
			compatibilityVersion = "Xcode 9.3";
			developmentRegion = en;
			hasScannedForEncodings = 0;
			knownRegions = (
				en,
				Base,
			);
			mainGroup = A9E2E702212AC4D8004E3817;
			productRefGroup = A9E2E70C212AC4D8004E3817 /* Products */;
			projectDirPath = "";
			projectRoot = "";
			targets = (
				A9E2E70A212AC4D8004E3817 /* RExtension */,
			);
		};
/* End PBXProject section */

/* Begin PBXResourcesBuildPhase section */
		A9E2E709212AC4D8004E3817 /* Resources */ = {
			isa = PBXResourcesBuildPhase;
			buildActionMask = 2147483647;
			files = (
				A9E2E719212AC4DA004E3817 /* LaunchScreen.storyboard in Resources */,
				A9E2E716212AC4DA004E3817 /* Assets.xcassets in Resources */,
				A9E2E714212AC4D8004E3817 /* Main.storyboard in Resources */,
			);
			runOnlyForDeploymentPostprocessing = 0;
		};
/* End PBXResourcesBuildPhase section */

/* Begin PBXSourcesBuildPhase section */
		A9E2E707212AC4D8004E3817 /* Sources */ = {
			isa = PBXSourcesBuildPhase;
			buildActionMask = 2147483647;
			files = (
				A9E2E75B212AC65F004E3817 /* RNavigationControllerExtension.swift in Sources */,
				A9E2E757212AC60A004E3817 /* RViewExtension.swift in Sources */,
				A9E2E743212AC575004E3817 /* RButtonExtension.swift in Sources */,
				A9E2E711212AC4D8004E3817 /* ViewController.swift in Sources */,
				A9E2E752212AC60A004E3817 /* RGeneralExtensions.swift in Sources */,
				A9E2E751212AC60A004E3817 /* UIWindowExtension.swift in Sources */,
				A9E2E70F212AC4D8004E3817 /* AppDelegate.swift in Sources */,
				A9E2E753212AC60A004E3817 /* RTableViewExtension.swift in Sources */,
				A9E2E754212AC60A004E3817 /* RImageExtenstion.swift in Sources */,
				A9E2E758212AC60A004E3817 /* RTextFieldExtension.swift in Sources */,
				A9E2E74F212AC60A004E3817 /* RViewControllerExtension.swift in Sources */,
				A9E2E759212AC60A004E3817 /* RStringExtension.swift in Sources */,
			);
			runOnlyForDeploymentPostprocessing = 0;
		};
/* End PBXSourcesBuildPhase section */

/* Begin PBXVariantGroup section */
		A9E2E712212AC4D8004E3817 /* Main.storyboard */ = {
			isa = PBXVariantGroup;
			children = (
				A9E2E713212AC4D8004E3817 /* Base */,
			);
			name = Main.storyboard;
			sourceTree = "<group>";
		};
		A9E2E717212AC4DA004E3817 /* LaunchScreen.storyboard */ = {
			isa = PBXVariantGroup;
			children = (
				A9E2E718212AC4DA004E3817 /* Base */,
			);
			name = LaunchScreen.storyboard;
			sourceTree = "<group>";
		};
/* End PBXVariantGroup section */

/* Begin XCBuildConfiguration section */
		A9E2E71B212AC4DA004E3817 /* Debug */ = {
			isa = XCBuildConfiguration;
			buildSettings = {
				ALWAYS_SEARCH_USER_PATHS = NO;
				CLANG_ANALYZER_NONNULL = YES;
				CLANG_ANALYZER_NUMBER_OBJECT_CONVERSION = YES_AGGRESSIVE;
				CLANG_CXX_LANGUAGE_STANDARD = "gnu++14";
				CLANG_CXX_LIBRARY = "libc++";
				CLANG_ENABLE_MODULES = YES;
				CLANG_ENABLE_OBJC_ARC = YES;
				CLANG_ENABLE_OBJC_WEAK = YES;
				CLANG_WARN_BLOCK_CAPTURE_AUTORELEASING = YES;
				CLANG_WARN_BOOL_CONVERSION = YES;
				CLANG_WARN_COMMA = YES;
				CLANG_WARN_CONSTANT_CONVERSION = YES;
				CLANG_WARN_DEPRECATED_OBJC_IMPLEMENTATIONS = YES;
				CLANG_WARN_DIRECT_OBJC_ISA_USAGE = YES_ERROR;
				CLANG_WARN_DOCUMENTATION_COMMENTS = YES;
				CLANG_WARN_EMPTY_BODY = YES;
				CLANG_WARN_ENUM_CONVERSION = YES;
				CLANG_WARN_INFINITE_RECURSION = YES;
				CLANG_WARN_INT_CONVERSION = YES;
				CLANG_WARN_NON_LITERAL_NULL_CONVERSION = YES;
				CLANG_WARN_OBJC_IMPLICIT_RETAIN_SELF = YES;
				CLANG_WARN_OBJC_LITERAL_CONVERSION = YES;
				CLANG_WARN_OBJC_ROOT_CLASS = YES_ERROR;
				CLANG_WARN_RANGE_LOOP_ANALYSIS = YES;
				CLANG_WARN_STRICT_PROTOTYPES = YES;
				CLANG_WARN_SUSPICIOUS_MOVE = YES;
				CLANG_WARN_UNGUARDED_AVAILABILITY = YES_AGGRESSIVE;
				CLANG_WARN_UNREACHABLE_CODE = YES;
				CLANG_WARN__DUPLICATE_METHOD_MATCH = YES;
				CODE_SIGN_IDENTITY = "iPhone Developer";
				COPY_PHASE_STRIP = NO;
				DEBUG_INFORMATION_FORMAT = dwarf;
				ENABLE_STRICT_OBJC_MSGSEND = YES;
				ENABLE_TESTABILITY = YES;
				GCC_C_LANGUAGE_STANDARD = gnu11;
				GCC_DYNAMIC_NO_PIC = NO;
				GCC_NO_COMMON_BLOCKS = YES;
				GCC_OPTIMIZATION_LEVEL = 0;
				GCC_PREPROCESSOR_DEFINITIONS = (
					"DEBUG=1",
					"$(inherited)",
				);
				GCC_WARN_64_TO_32_BIT_CONVERSION = YES;
				GCC_WARN_ABOUT_RETURN_TYPE = YES_ERROR;
				GCC_WARN_UNDECLARED_SELECTOR = YES;
				GCC_WARN_UNINITIALIZED_AUTOS = YES_AGGRESSIVE;
				GCC_WARN_UNUSED_FUNCTION = YES;
				GCC_WARN_UNUSED_VARIABLE = YES;
				IPHONEOS_DEPLOYMENT_TARGET = 11.4;
				MTL_ENABLE_DEBUG_INFO = YES;
				ONLY_ACTIVE_ARCH = YES;
				SDKROOT = iphoneos;
				SWIFT_ACTIVE_COMPILATION_CONDITIONS = DEBUG;
				SWIFT_OPTIMIZATION_LEVEL = "-Onone";
			};
			name = Debug;
		};
		A9E2E71C212AC4DA004E3817 /* Release */ = {
			isa = XCBuildConfiguration;
			buildSettings = {
				ALWAYS_SEARCH_USER_PATHS = NO;
				CLANG_ANALYZER_NONNULL = YES;
				CLANG_ANALYZER_NUMBER_OBJECT_CONVERSION = YES_AGGRESSIVE;
				CLANG_CXX_LANGUAGE_STANDARD = "gnu++14";
				CLANG_CXX_LIBRARY = "libc++";
				CLANG_ENABLE_MODULES = YES;
				CLANG_ENABLE_OBJC_ARC = YES;
				CLANG_ENABLE_OBJC_WEAK = YES;
				CLANG_WARN_BLOCK_CAPTURE_AUTORELEASING = YES;
				CLANG_WARN_BOOL_CONVERSION = YES;
				CLANG_WARN_COMMA = YES;
				CLANG_WARN_CONSTANT_CONVERSION = YES;
				CLANG_WARN_DEPRECATED_OBJC_IMPLEMENTATIONS = YES;
				CLANG_WARN_DIRECT_OBJC_ISA_USAGE = YES_ERROR;
				CLANG_WARN_DOCUMENTATION_COMMENTS = YES;
				CLANG_WARN_EMPTY_BODY = YES;
				CLANG_WARN_ENUM_CONVERSION = YES;
				CLANG_WARN_INFINITE_RECURSION = YES;
				CLANG_WARN_INT_CONVERSION = YES;
				CLANG_WARN_NON_LITERAL_NULL_CONVERSION = YES;
				CLANG_WARN_OBJC_IMPLICIT_RETAIN_SELF = YES;
				CLANG_WARN_OBJC_LITERAL_CONVERSION = YES;
				CLANG_WARN_OBJC_ROOT_CLASS = YES_ERROR;
				CLANG_WARN_RANGE_LOOP_ANALYSIS = YES;
				CLANG_WARN_STRICT_PROTOTYPES = YES;
				CLANG_WARN_SUSPICIOUS_MOVE = YES;
				CLANG_WARN_UNGUARDED_AVAILABILITY = YES_AGGRESSIVE;
				CLANG_WARN_UNREACHABLE_CODE = YES;
				CLANG_WARN__DUPLICATE_METHOD_MATCH = YES;
				CODE_SIGN_IDENTITY = "iPhone Developer";
				COPY_PHASE_STRIP = NO;
				DEBUG_INFORMATION_FORMAT = "dwarf-with-dsym";
				ENABLE_NS_ASSERTIONS = NO;
				ENABLE_STRICT_OBJC_MSGSEND = YES;
				GCC_C_LANGUAGE_STANDARD = gnu11;
				GCC_NO_COMMON_BLOCKS = YES;
				GCC_WARN_64_TO_32_BIT_CONVERSION = YES;
				GCC_WARN_ABOUT_RETURN_TYPE = YES_ERROR;
				GCC_WARN_UNDECLARED_SELECTOR = YES;
				GCC_WARN_UNINITIALIZED_AUTOS = YES_AGGRESSIVE;
				GCC_WARN_UNUSED_FUNCTION = YES;
				GCC_WARN_UNUSED_VARIABLE = YES;
				IPHONEOS_DEPLOYMENT_TARGET = 11.4;
				MTL_ENABLE_DEBUG_INFO = NO;
				SDKROOT = iphoneos;
				SWIFT_COMPILATION_MODE = wholemodule;
				SWIFT_OPTIMIZATION_LEVEL = "-O";
				VALIDATE_PRODUCT = YES;
			};
			name = Release;
		};
		A9E2E71E212AC4DA004E3817 /* Debug */ = {
			isa = XCBuildConfiguration;
			buildSettings = {
				ASSETCATALOG_COMPILER_APPICON_NAME = AppIcon;
				CODE_SIGN_STYLE = Manual;
				DEVELOPMENT_TEAM = "";
				INFOPLIST_FILE = RExtension/Info.plist;
				IPHONEOS_DEPLOYMENT_TARGET = 10.0;
				LD_RUNPATH_SEARCH_PATHS = (
					"$(inherited)",
					"@executable_path/Frameworks",
				);
				PRODUCT_BUNDLE_IDENTIFIER = rajkumar.sharma.RExtension;
				PRODUCT_NAME = "$(TARGET_NAME)";
				PROVISIONING_PROFILE_SPECIFIER = "";
				SWIFT_VERSION = 4.0;
				TARGETED_DEVICE_FAMILY = "1,2";
			};
			name = Debug;
		};
		A9E2E71F212AC4DA004E3817 /* Release */ = {
			isa = XCBuildConfiguration;
			buildSettings = {
				ASSETCATALOG_COMPILER_APPICON_NAME = AppIcon;
				CODE_SIGN_STYLE = Manual;
				DEVELOPMENT_TEAM = "";
				INFOPLIST_FILE = RExtension/Info.plist;
				IPHONEOS_DEPLOYMENT_TARGET = 10.0;
				LD_RUNPATH_SEARCH_PATHS = (
					"$(inherited)",
					"@executable_path/Frameworks",
				);
				PRODUCT_BUNDLE_IDENTIFIER = rajkumar.sharma.RExtension;
				PRODUCT_NAME = "$(TARGET_NAME)";
				PROVISIONING_PROFILE_SPECIFIER = "";
				SWIFT_VERSION = 4.0;
				TARGETED_DEVICE_FAMILY = "1,2";
			};
			name = Release;
		};
/* End XCBuildConfiguration section */

/* Begin XCConfigurationList section */
		A9E2E706212AC4D8004E3817 /* Build configuration list for PBXProject "RExtension" */ = {
			isa = XCConfigurationList;
			buildConfigurations = (
				A9E2E71B212AC4DA004E3817 /* Debug */,
				A9E2E71C212AC4DA004E3817 /* Release */,
			);
			defaultConfigurationIsVisible = 0;
			defaultConfigurationName = Release;
		};
		A9E2E71D212AC4DA004E3817 /* Build configuration list for PBXNativeTarget "RExtension" */ = {
			isa = XCConfigurationList;
			buildConfigurations = (
				A9E2E71E212AC4DA004E3817 /* Debug */,
				A9E2E71F212AC4DA004E3817 /* Release */,
			);
			defaultConfigurationIsVisible = 0;
			defaultConfigurationName = Release;
		};
/* End XCConfigurationList section */
	};
	rootObject = A9E2E703212AC4D8004E3817 /* Project object */;
}
